
Microsoft Visual Studio Solution File, Format Version 12.00
# Visual Studio 15
VisualStudioVersion = 15.0.27703.2042
MinimumVisualStudioVersion = 10.0.40219.1
Project("{FAE04EC0-301F-11D3-BF4B-00C04F79EFBC}") = "Dwscdv3.WebArchiver", "Dwscdv3.WebArchiver\Dwscdv3.WebArchiver.csproj", "{D32BED11-27A1-48B8-86B4-48F74D037545}"
EndProject
Project("{FAE04EC0-301F-11D3-BF4B-00C04F79EFBC}") = "Dwscdv3.WebArchiver.Addons", "Dwscdv3.WebArchiver.Addons\Dwscdv3.WebArchiver.Addons.csproj", "{847BBB99-BD8C-4C45-8659-28A927DCF1D8}"
EndProject
Global
	GlobalSection(SolutionConfigurationPlatforms) = preSolution
		Debug|Any CPU = Debug|Any CPU
		Release|Any CPU = Release|Any CPU
	EndGlobalSection
	GlobalSection(ProjectConfigurationPlatforms) = postSolution
		{D32BED11-27A1-48B8-86B4-48F74D037545}.Debug|Any CPU.ActiveCfg = Debug|Any CPU
		{D32BED11-27A1-48B8-86B4-48F74D037545}.Debug|Any CPU.Build.0 = Debug|Any CPU
		{D32BED11-27A1-48B8-86B4-48F74D037545}.Release|Any CPU.ActiveCfg = Release|Any CPU
		{D32BED11-27A1-48B8-86B4-48F74D037545}.Release|Any CPU.Build.0 = Release|Any CPU
		{847BBB99-BD8C-4C45-8659-28A927DCF1D8}.Debug|Any CPU.ActiveCfg = Debug|Any CPU
		{847BBB99-BD8C-4C45-8659-28A927DCF1D8}.Debug|Any CPU.Build.0 = Debug|Any CPU
		{847BBB99-BD8C-4C45-8659-28A927DCF1D8}.Release|Any CPU.ActiveCfg = Release|Any CPU
		{847BBB99-BD8C-4C45-8659-28A927DCF1D8}.Release|Any CPU.Build.0 = Release|Any CPU
	EndGlobalSection
	GlobalSection(SolutionProperties) = preSolution
		HideSolutionNode = FALSE
	EndGlobalSection
	GlobalSection(ExtensibilityGlobals) = postSolution
		SolutionGuid = {967B1F31-3657-4213-9E4D-D5C612493C11}
	EndGlobalSection
EndGlobal
